
Microsoft Visual Studio Solution File, Format Version 12.00
# Visual Studio 15
VisualStudioVersion = 15.0.28307.271
MinimumVisualStudioVersion = 10.0.40219.1
Project("{8BC9CEB8-8B4A-11D0-8D11-00A0C91BC942}") = "UhwUtilsDll", "UhwUtilsDll\UhwUtilsDll.vcxproj", "{67E1027E-6F7E-485D-83F7-082423B7691E}"
EndProject
Project("{8BC9CEB8-8B4A-11D0-8D11-00A0C91BC942}") = "MyOpenCVVideoStream", "MyOpenCVVideoStream\MyOpenCVVideoStream.vcxproj", "{A4C09BC8-6748-467B-94F7-1DBA0E3FC65F}"
	ProjectSection(ProjectDependencies) = postProject
		{67E1027E-6F7E-485D-83F7-082423B7691E} = {67E1027E-6F7E-485D-83F7-082423B7691E}
	EndProjectSection
EndProject
Global
	GlobalSection(SolutionConfigurationPlatforms) = preSolution
		Debug|x64 = Debug|x64
		Release|x64 = Release|x64
	EndGlobalSection
	GlobalSection(ProjectConfigurationPlatforms) = postSolution
		{67E1027E-6F7E-485D-83F7-082423B7691E}.Debug|x64.ActiveCfg = Debug|x64
		{67E1027E-6F7E-485D-83F7-082423B7691E}.Debug|x64.Build.0 = Debug|x64
		{67E1027E-6F7E-485D-83F7-082423B7691E}.Release|x64.ActiveCfg = Release|x64
		{67E1027E-6F7E-485D-83F7-082423B7691E}.Release|x64.Build.0 = Release|x64
		{A4C09BC8-6748-467B-94F7-1DBA0E3FC65F}.Debug|x64.ActiveCfg = Debug|x64
		{A4C09BC8-6748-467B-94F7-1DBA0E3FC65F}.Debug|x64.Build.0 = Debug|x64
		{A4C09BC8-6748-467B-94F7-1DBA0E3FC65F}.Release|x64.ActiveCfg = Release|x64
		{A4C09BC8-6748-467B-94F7-1DBA0E3FC65F}.Release|x64.Build.0 = Release|x64
	EndGlobalSection
	GlobalSection(SolutionProperties) = preSolution
		HideSolutionNode = FALSE
	EndGlobalSection
	GlobalSection(ExtensibilityGlobals) = postSolution
		SolutionGuid = {0C59E55B-0155-4855-8757-250F27C79BE4}
	EndGlobalSection
EndGlobal
